
Microsoft Visual Studio Solution File, Format Version 12.00
# Visual Studio 15
VisualStudioVersion = 15.0.28307.421
MinimumVisualStudioVersion = 10.0.40219.1
Project("{9A19103F-16F7-4668-BE54-9A1E7A4F7556}") = "AppWithGroups", "AppWithGroups\AppWithGroups.csproj", "{547495F8-26B9-4E15-8805-4E18607497A5}"
EndProject
Project("{2150E333-8FDC-42A3-9474-1A3956D46DE8}") = "Scripts", "Scripts", "{E7FD8E1E-3265-427E-B7C4-6A1FD2DEB74C}"
	ProjectSection(SolutionItems) = preProject
		CreateAndAssignGroups.ps1 = CreateAndAssignGroups.ps1
	EndProjectSection
EndProject
Project("{9A19103F-16F7-4668-BE54-9A1E7A4F7556}") = "AppWithRoles", "AppWithRoles\AppWithRoles.csproj", "{16912BE0-8E1F-41B8-8371-DD38BADB4E2D}"
EndProject
Project("{2150E333-8FDC-42A3-9474-1A3956D46DE8}") = "Solution Items", "Solution Items", "{E5D5D8AC-5A58-4F44-ADCA-E918290F1A65}"
	ProjectSection(SolutionItems) = preProject
		README.md = README.md
	EndProjectSection
EndProject
Global
	GlobalSection(SolutionConfigurationPlatforms) = preSolution
		Debug|Any CPU = Debug|Any CPU
		Release|Any CPU = Release|Any CPU
	EndGlobalSection
	GlobalSection(ProjectConfigurationPlatforms) = postSolution
		{547495F8-26B9-4E15-8805-4E18607497A5}.Debug|Any CPU.ActiveCfg = Debug|Any CPU
		{547495F8-26B9-4E15-8805-4E18607497A5}.Debug|Any CPU.Build.0 = Debug|Any CPU
		{547495F8-26B9-4E15-8805-4E18607497A5}.Release|Any CPU.ActiveCfg = Release|Any CPU
		{547495F8-26B9-4E15-8805-4E18607497A5}.Release|Any CPU.Build.0 = Release|Any CPU
		{16912BE0-8E1F-41B8-8371-DD38BADB4E2D}.Debug|Any CPU.ActiveCfg = Debug|Any CPU
		{16912BE0-8E1F-41B8-8371-DD38BADB4E2D}.Debug|Any CPU.Build.0 = Debug|Any CPU
		{16912BE0-8E1F-41B8-8371-DD38BADB4E2D}.Release|Any CPU.ActiveCfg = Release|Any CPU
		{16912BE0-8E1F-41B8-8371-DD38BADB4E2D}.Release|Any CPU.Build.0 = Release|Any CPU
	EndGlobalSection
	GlobalSection(SolutionProperties) = preSolution
		HideSolutionNode = FALSE
	EndGlobalSection
	GlobalSection(ExtensibilityGlobals) = postSolution
		SolutionGuid = {277DAACD-C409-421A-BF53-E85521F99848}
	EndGlobalSection
EndGlobal
