
Microsoft Visual Studio Solution File, Format Version 12.00
# Visual Studio 15
VisualStudioVersion = 15.0.28307.421
MinimumVisualStudioVersion = 10.0.40219.1
Project("{9A19103F-16F7-4668-BE54-9A1E7A4F7556}") = "DataStealingApp", "DataStealingApp\DataStealingApp.csproj", "{7CFDE7E2-714A-4EEA-83B7-9276DFFF2E4A}"
EndProject
Project("{2150E333-8FDC-42A3-9474-1A3956D46DE8}") = "Solution Items", "Solution Items", "{836480C2-C882-45F0-BFD7-A6BE149C3196}"
	ProjectSection(SolutionItems) = preProject
		README.md = README.md
	EndProjectSection
EndProject
Global
	GlobalSection(SolutionConfigurationPlatforms) = preSolution
		Debug|Any CPU = Debug|Any CPU
		Release|Any CPU = Release|Any CPU
	EndGlobalSection
	GlobalSection(ProjectConfigurationPlatforms) = postSolution
		{7CFDE7E2-714A-4EEA-83B7-9276DFFF2E4A}.Debug|Any CPU.ActiveCfg = Debug|Any CPU
		{7CFDE7E2-714A-4EEA-83B7-9276DFFF2E4A}.Debug|Any CPU.Build.0 = Debug|Any CPU
		{7CFDE7E2-714A-4EEA-83B7-9276DFFF2E4A}.Release|Any CPU.ActiveCfg = Release|Any CPU
		{7CFDE7E2-714A-4EEA-83B7-9276DFFF2E4A}.Release|Any CPU.Build.0 = Release|Any CPU
	EndGlobalSection
	GlobalSection(SolutionProperties) = preSolution
		HideSolutionNode = FALSE
	EndGlobalSection
	GlobalSection(ExtensibilityGlobals) = postSolution
		SolutionGuid = {4C9D7018-CA7E-422E-AC22-BFA6C19FA22C}
	EndGlobalSection
EndGlobal
