
Microsoft Visual Studio Solution File, Format Version 12.00
# Visual Studio 15
VisualStudioVersion = 15.0.28307.168
MinimumVisualStudioVersion = 10.0.40219.1
Project("{FAE04EC0-301F-11D3-BF4B-00C04F79EFBC}") = "SecretsInNativeApp", "SecretsInNativeApp\SecretsInNativeApp.csproj", "{0ED5B238-CD83-42C2-A6C9-8F7419506D56}"
EndProject
Project("{2150E333-8FDC-42A3-9474-1A3956D46DE8}") = "Solution Items", "Solution Items", "{4EB601B1-D8BE-48B2-BE96-560839C3D95C}"
	ProjectSection(SolutionItems) = preProject
		README.md = README.md
	EndProjectSection
EndProject
Global
	GlobalSection(SolutionConfigurationPlatforms) = preSolution
		Debug|Any CPU = Debug|Any CPU
		Release|Any CPU = Release|Any CPU
	EndGlobalSection
	GlobalSection(ProjectConfigurationPlatforms) = postSolution
		{0ED5B238-CD83-42C2-A6C9-8F7419506D56}.Debug|Any CPU.ActiveCfg = Debug|Any CPU
		{0ED5B238-CD83-42C2-A6C9-8F7419506D56}.Debug|Any CPU.Build.0 = Debug|Any CPU
		{0ED5B238-CD83-42C2-A6C9-8F7419506D56}.Release|Any CPU.ActiveCfg = Release|Any CPU
		{0ED5B238-CD83-42C2-A6C9-8F7419506D56}.Release|Any CPU.Build.0 = Release|Any CPU
	EndGlobalSection
	GlobalSection(SolutionProperties) = preSolution
		HideSolutionNode = FALSE
	EndGlobalSection
	GlobalSection(ExtensibilityGlobals) = postSolution
		SolutionGuid = {EE6096D4-ACBF-4ED7-AEB5-6A887502D79C}
	EndGlobalSection
EndGlobal
